
Microsoft Visual Studio Solution File, Format Version 12.00
# Visual Studio 15
VisualStudioVersion = 15.0.28307.168
MinimumVisualStudioVersion = 10.0.40219.1
Project("{FAE04EC0-301F-11D3-BF4B-00C04F79EFBC}") = "TMStats", "TMStats\TMStats.csproj", "{EBCB7AD2-1323-4084-AE2A-18349397F415}"
EndProject
Global
	GlobalSection(SolutionConfigurationPlatforms) = preSolution
		Debug|Any CPU = Debug|Any CPU
		Release|Any CPU = Release|Any CPU
	EndGlobalSection
	GlobalSection(ProjectConfigurationPlatforms) = postSolution
		{EBCB7AD2-1323-4084-AE2A-18349397F415}.Debug|Any CPU.ActiveCfg = Debug|Any CPU
		{EBCB7AD2-1323-4084-AE2A-18349397F415}.Debug|Any CPU.Build.0 = Debug|Any CPU
		{EBCB7AD2-1323-4084-AE2A-18349397F415}.Release|Any CPU.ActiveCfg = Release|Any CPU
		{EBCB7AD2-1323-4084-AE2A-18349397F415}.Release|Any CPU.Build.0 = Release|Any CPU
	EndGlobalSection
	GlobalSection(SolutionProperties) = preSolution
		HideSolutionNode = FALSE
	EndGlobalSection
	GlobalSection(ExtensibilityGlobals) = postSolution
		SolutionGuid = {DF62EA05-A2BD-41AE-A66E-FF33A8404DF2}
	EndGlobalSection
EndGlobal
